
Microsoft Visual Studio Solution File, Format Version 12.00
# Visual Studio Version 17
VisualStudioVersion = 17.13.35931.197
MinimumVisualStudioVersion = 10.0.40219.1
Project("{FAE04EC0-301F-11D3-BF4B-00C04F79EFBC}") = "Lattency", "Lattency\Lattency.csproj", "{FBF35363-30A3-4259-B7ED-475039376CF0}"
EndProject
Global
	GlobalSection(SolutionConfigurationPlatforms) = preSolution
		Debug|Any CPU = Debug|Any CPU
		Release|Any CPU = Release|Any CPU
	EndGlobalSection
	GlobalSection(ProjectConfigurationPlatforms) = postSolution
		{FBF35363-30A3-4259-B7ED-475039376CF0}.Debug|Any CPU.ActiveCfg = Debug|Any CPU
		{FBF35363-30A3-4259-B7ED-475039376CF0}.Debug|Any CPU.Build.0 = Debug|Any CPU
		{FBF35363-30A3-4259-B7ED-475039376CF0}.Release|Any CPU.ActiveCfg = Release|Any CPU
		{FBF35363-30A3-4259-B7ED-475039376CF0}.Release|Any CPU.Build.0 = Release|Any CPU
	EndGlobalSection
	GlobalSection(SolutionProperties) = preSolution
		HideSolutionNode = FALSE
	EndGlobalSection
	GlobalSection(ExtensibilityGlobals) = postSolution
		SolutionGuid = {AE03755E-E168-40BB-B5E8-F780A632D15D}
	EndGlobalSection
EndGlobal
